// !$*UTF8*$!
{
	archiveVersion = 1;
	classes = {
	};
	objectVersion = 46;
	objects = {

/* Begin PBXBuildFile section */
		7E4CEE201A4A5E0B007C4607 /* AppDelegate.swift in Sources */ = {isa = PBXBuildFile; fileRef = 7E4CEE1F1A4A5E0B007C4607 /* AppDelegate.swift */; };
		7E4CEE231A4A5E0B007C4607 /* cyclotron.xcdatamodeld in Sources */ = {isa = PBXBuildFile; fileRef = 7E4CEE211A4A5E0B007C4607 /* cyclotron.xcdatamodeld */; };
		7E4CEE251A4A5E0B007C4607 /* ViewController.swift in Sources */ = {isa = PBXBuildFile; fileRef = 7E4CEE241A4A5E0B007C4607 /* ViewController.swift */; };
		7E4CEE281A4A5E0B007C4607 /* Main.storyboard in Resources */ = {isa = PBXBuildFile; fileRef = 7E4CEE261A4A5E0B007C4607 /* Main.storyboard */; };
		7E4CEE2A1A4A5E0B007C4607 /* Images.xcassets in Resources */ = {isa = PBXBuildFile; fileRef = 7E4CEE291A4A5E0B007C4607 /* Images.xcassets */; };
		7E4CEE2D1A4A5E0B007C4607 /* LaunchScreen.xib in Resources */ = {isa = PBXBuildFile; fileRef = 7E4CEE2B1A4A5E0B007C4607 /* LaunchScreen.xib */; };
		7E4CEE391A4A5E0B007C4607 /* cyclotronTests.swift in Sources */ = {isa = PBXBuildFile; fileRef = 7E4CEE381A4A5E0B007C4607 /* cyclotronTests.swift */; };
/* End PBXBuildFile section */

/* Begin PBXContainerItemProxy section */
		7E4CEE331A4A5E0B007C4607 /* PBXContainerItemProxy */ = {
			isa = PBXContainerItemProxy;
			containerPortal = 7E4CEE121A4A5E0B007C4607 /* Project object */;
			proxyType = 1;
			remoteGlobalIDString = 7E4CEE191A4A5E0B007C4607;
			remoteInfo = cyclotron;
		};
/* End PBXContainerItemProxy section */

/* Begin PBXFileReference section */
		7E4CEE1A1A4A5E0B007C4607 /* cyclotron.app */ = {isa = PBXFileReference; explicitFileType = wrapper.application; includeInIndex = 0; path = cyclotron.app; sourceTree = BUILT_PRODUCTS_DIR; };
		7E4CEE1E1A4A5E0B007C4607 /* Info.plist */ = {isa = PBXFileReference; lastKnownFileType = text.plist.xml; path = Info.plist; sourceTree = "<group>"; };
		7E4CEE1F1A4A5E0B007C4607 /* AppDelegate.swift */ = {isa = PBXFileReference; lastKnownFileType = sourcecode.swift; path = AppDelegate.swift; sourceTree = "<group>"; };
		7E4CEE221A4A5E0B007C4607 /* cyclotron.xcdatamodel */ = {isa = PBXFileReference; lastKnownFileType = wrapper.xcdatamodel; path = cyclotron.xcdatamodel; sourceTree = "<group>"; };
		7E4CEE241A4A5E0B007C4607 /* ViewController.swift */ = {isa = PBXFileReference; lastKnownFileType = sourcecode.swift; path = ViewController.swift; sourceTree = "<group>"; };
		7E4CEE271A4A5E0B007C4607 /* Base */ = {isa = PBXFileReference; lastKnownFileType = file.storyboard; name = Base; path = Base.lproj/Main.storyboard; sourceTree = "<group>"; };
		7E4CEE291A4A5E0B007C4607 /* Images.xcassets */ = {isa = PBXFileReference; lastKnownFileType = folder.assetcatalog; path = Images.xcassets; sourceTree = "<group>"; };
		7E4CEE2C1A4A5E0B007C4607 /* Base */ = {isa = PBXFileReference; lastKnownFileType = file.xib; name = Base; path = Base.lproj/LaunchScreen.xib; sourceTree = "<group>"; };
		7E4CEE321A4A5E0B007C4607 /* cyclotronTests.xctest */ = {isa = PBXFileReference; explicitFileType = wrapper.cfbundle; includeInIndex = 0; path = cyclotronTests.xctest; sourceTree = BUILT_PRODUCTS_DIR; };
		7E4CEE371A4A5E0B007C4607 /* Info.plist */ = {isa = PBXFileReference; lastKnownFileType = text.plist.xml; path = Info.plist; sourceTree = "<group>"; };
		7E4CEE381A4A5E0B007C4607 /* cyclotronTests.swift */ = {isa = PBXFileReference; lastKnownFileType = sourcecode.swift; path = cyclotronTests.swift; sourceTree = "<group>"; };
/* End PBXFileReference section */

/* Begin PBXFrameworksBuildPhase section */
		7E4CEE171A4A5E0B007C4607 /* Frameworks */ = {
			isa = PBXFrameworksBuildPhase;
			buildActionMask = 2147483647;
			files = (
			);
			runOnlyForDeploymentPostprocessing = 0;
		};
		7E4CEE2F1A4A5E0B007C4607 /* Frameworks */ = {
			isa = PBXFrameworksBuildPhase;
			buildActionMask = 2147483647;
			files = (
			);
			runOnlyForDeploymentPostprocessing = 0;
		};
/* End PBXFrameworksBuildPhase section */

/* Begin PBXGroup section */
		7E4CEE111A4A5E0B007C4607 = {
			isa = PBXGroup;
			children = (
				7E4CEE1C1A4A5E0B007C4607 /* cyclotron */,
				7E4CEE351A4A5E0B007C4607 /* cyclotronTests */,
				7E4CEE1B1A4A5E0B007C4607 /* Products */,
			);
			sourceTree = "<group>";
		};
		7E4CEE1B1A4A5E0B007C4607 /* Products */ = {
			isa = PBXGroup;
			children = (
				7E4CEE1A1A4A5E0B007C4607 /* cyclotron.app */,
				7E4CEE321A4A5E0B007C4607 /* cyclotronTests.xctest */,
			);
			name = Products;
			sourceTree = "<group>";
		};
		7E4CEE1C1A4A5E0B007C4607 /* cyclotron */ = {
			isa = PBXGroup;
			children = (
				7E4CEE1F1A4A5E0B007C4607 /* AppDelegate.swift */,
				7E4CEE241A4A5E0B007C4607 /* ViewController.swift */,
				7E4CEE261A4A5E0B007C4607 /* Main.storyboard */,
				7E4CEE291A4A5E0B007C4607 /* Images.xcassets */,
				7E4CEE2B1A4A5E0B007C4607 /* LaunchScreen.xib */,
				7E4CEE211A4A5E0B007C4607 /* cyclotron.xcdatamodeld */,
				7E4CEE1D1A4A5E0B007C4607 /* Supporting Files */,
			);
			path = cyclotron;
			sourceTree = "<group>";
		};
		7E4CEE1D1A4A5E0B007C4607 /* Supporting Files */ = {
			isa = PBXGroup;
			children = (
				7E4CEE1E1A4A5E0B007C4607 /* Info.plist */,
			);
			name = "Supporting Files";
			sourceTree = "<group>";
		};
		7E4CEE351A4A5E0B007C4607 /* cyclotronTests */ = {
			isa = PBXGroup;
			children = (
				7E4CEE381A4A5E0B007C4607 /* cyclotronTests.swift */,
				7E4CEE361A4A5E0B007C4607 /* Supporting Files */,
			);
			path = cyclotronTests;
			sourceTree = "<group>";
		};
		7E4CEE361A4A5E0B007C4607 /* Supporting Files */ = {
			isa = PBXGroup;
			children = (
				7E4CEE371A4A5E0B007C4607 /* Info.plist */,
			);
			name = "Supporting Files";
			sourceTree = "<group>";
		};
/* End PBXGroup section */

/* Begin PBXNativeTarget section */
		7E4CEE191A4A5E0B007C4607 /* cyclotron */ = {
			isa = PBXNativeTarget;
			buildConfigurationList = 7E4CEE3C1A4A5E0B007C4607 /* Build configuration list for PBXNativeTarget "cyclotron" */;
			buildPhases = (
				7E4CEE161A4A5E0B007C4607 /* Sources */,
				7E4CEE171A4A5E0B007C4607 /* Frameworks */,
				7E4CEE181A4A5E0B007C4607 /* Resources */,
			);
			buildRules = (
			);
			dependencies = (
			);
			name = cyclotron;
			productName = cyclotron;
			productReference = 7E4CEE1A1A4A5E0B007C4607 /* cyclotron.app */;
			productType = "com.apple.product-type.application";
		};
		7E4CEE311A4A5E0B007C4607 /* cyclotronTests */ = {
			isa = PBXNativeTarget;
			buildConfigurationList = 7E4CEE3F1A4A5E0B007C4607 /* Build configuration list for PBXNativeTarget "cyclotronTests" */;
			buildPhases = (
				7E4CEE2E1A4A5E0B007C4607 /* Sources */,
				7E4CEE2F1A4A5E0B007C4607 /* Frameworks */,
				7E4CEE301A4A5E0B007C4607 /* Resources */,
			);
			buildRules = (
			);
			dependencies = (
				7E4CEE341A4A5E0B007C4607 /* PBXTargetDependency */,
			);
			name = cyclotronTests;
			productName = cyclotronTests;
			productReference = 7E4CEE321A4A5E0B007C4607 /* cyclotronTests.xctest */;
			productType = "com.apple.product-type.bundle.unit-test";
		};
/* End PBXNativeTarget section */

/* Begin PBXProject section */
		7E4CEE121A4A5E0B007C4607 /* Project object */ = {
			isa = PBXProject;
			attributes = {
				LastUpgradeCheck = 0610;
				ORGANIZATIONNAME = "Jocus Interactive";
				TargetAttributes = {
					7E4CEE191A4A5E0B007C4607 = {
						CreatedOnToolsVersion = 6.1.1;
					};
					7E4CEE311A4A5E0B007C4607 = {
						CreatedOnToolsVersion = 6.1.1;
						TestTargetID = 7E4CEE191A4A5E0B007C4607;
					};
				};
			};
			buildConfigurationList = 7E4CEE151A4A5E0B007C4607 /* Build configuration list for PBXProject "cyclotron" */;
			compatibilityVersion = "Xcode 3.2";
			developmentRegion = English;
			hasScannedForEncodings = 0;
			knownRegions = (
				en,
				Base,
			);
			mainGroup = 7E4CEE111A4A5E0B007C4607;
			productRefGroup = 7E4CEE1B1A4A5E0B007C4607 /* Products */;
			projectDirPath = "";
			projectRoot = "";
			targets = (
				7E4CEE191A4A5E0B007C4607 /* cyclotron */,
				7E4CEE311A4A5E0B007C4607 /* cyclotronTests */,
			);
		};
/* End PBXProject section */

/* Begin PBXResourcesBuildPhase section */
		7E4CEE181A4A5E0B007C4607 /* Resources */ = {
			isa = PBXResourcesBuildPhase;
			buildActionMask = 2147483647;
			files = (
				7E4CEE281A4A5E0B007C4607 /* Main.storyboard in Resources */,
				7E4CEE2D1A4A5E0B007C4607 /* LaunchScreen.xib in Resources */,
				7E4CEE2A1A4A5E0B007C4607 /* Images.xcassets in Resources */,
			);
			runOnlyForDeploymentPostprocessing = 0;
		};
		7E4CEE301A4A5E0B007C4607 /* Resources */ = {
			isa = PBXResourcesBuildPhase;
			buildActionMask = 2147483647;
			files = (
			);
			runOnlyForDeploymentPostprocessing = 0;
		};
/* End PBXResourcesBuildPhase section */

/* Begin PBXSourcesBuildPhase section */
		7E4CEE161A4A5E0B007C4607 /* Sources */ = {
			isa = PBXSourcesBuildPhase;
			buildActionMask = 2147483647;
			files = (
				7E4CEE251A4A5E0B007C4607 /* ViewController.swift in Sources */,
				7E4CEE201A4A5E0B007C4607 /* AppDelegate.swift in Sources */,
				7E4CEE231A4A5E0B007C4607 /* cyclotron.xcdatamodeld in Sources */,
			);
			runOnlyForDeploymentPostprocessing = 0;
		};
		7E4CEE2E1A4A5E0B007C4607 /* Sources */ = {
			isa = PBXSourcesBuildPhase;
			buildActionMask = 2147483647;
			files = (
				7E4CEE391A4A5E0B007C4607 /* cyclotronTests.swift in Sources */,
			);
			runOnlyForDeploymentPostprocessing = 0;
		};
/* End PBXSourcesBuildPhase section */

/* Begin PBXTargetDependency section */
		7E4CEE341A4A5E0B007C4607 /* PBXTargetDependency */ = {
			isa = PBXTargetDependency;
			target = 7E4CEE191A4A5E0B007C4607 /* cyclotron */;
			targetProxy = 7E4CEE331A4A5E0B007C4607 /* PBXContainerItemProxy */;
		};
/* End PBXTargetDependency section */

/* Begin PBXVariantGroup section */
		7E4CEE261A4A5E0B007C4607 /* Main.storyboard */ = {
			isa = PBXVariantGroup;
			children = (
				7E4CEE271A4A5E0B007C4607 /* Base */,
			);
			name = Main.storyboard;
			sourceTree = "<group>";
		};
		7E4CEE2B1A4A5E0B007C4607 /* LaunchScreen.xib */ = {
			isa = PBXVariantGroup;
			children = (
				7E4CEE2C1A4A5E0B007C4607 /* Base */,
			);
			name = LaunchScreen.xib;
			sourceTree = "<group>";
		};
/* End PBXVariantGroup section */

/* Begin XCBuildConfiguration section */
		7E4CEE3A1A4A5E0B007C4607 /* Debug */ = {
			isa = XCBuildConfiguration;
			buildSettings = {
				ALWAYS_SEARCH_USER_PATHS = NO;
				CLANG_CXX_LANGUAGE_STANDARD = "gnu++0x";
				CLANG_CXX_LIBRARY = "libc++";
				CLANG_ENABLE_MODULES = YES;
				CLANG_ENABLE_OBJC_ARC = YES;
				CLANG_WARN_BOOL_CONVERSION = YES;
				CLANG_WARN_CONSTANT_CONVERSION = YES;
				CLANG_WARN_DIRECT_OBJC_ISA_USAGE = YES_ERROR;
				CLANG_WARN_EMPTY_BODY = YES;
				CLANG_WARN_ENUM_CONVERSION = YES;
				CLANG_WARN_INT_CONVERSION = YES;
				CLANG_WARN_OBJC_ROOT_CLASS = YES_ERROR;
				CLANG_WARN_UNREACHABLE_CODE = YES;
				CLANG_WARN__DUPLICATE_METHOD_MATCH = YES;
				"CODE_SIGN_IDENTITY[sdk=iphoneos*]" = "iPhone Developer";
				COPY_PHASE_STRIP = NO;
				ENABLE_STRICT_OBJC_MSGSEND = YES;
				GCC_C_LANGUAGE_STANDARD = gnu99;
				GCC_DYNAMIC_NO_PIC = NO;
				GCC_OPTIMIZATION_LEVEL = 0;
				GCC_PREPROCESSOR_DEFINITIONS = (
					"DEBUG=1",
					"$(inherited)",
				);
				GCC_SYMBOLS_PRIVATE_EXTERN = NO;
				GCC_WARN_64_TO_32_BIT_CONVERSION = YES;
				GCC_WARN_ABOUT_RETURN_TYPE = YES_ERROR;
				GCC_WARN_UNDECLARED_SELECTOR = YES;
				GCC_WARN_UNINITIALIZED_AUTOS = YES_AGGRESSIVE;
				GCC_WARN_UNUSED_FUNCTION = YES;
				GCC_WARN_UNUSED_VARIABLE = YES;
				IPHONEOS_DEPLOYMENT_TARGET = 8.1;
				MTL_ENABLE_DEBUG_INFO = YES;
				ONLY_ACTIVE_ARCH = YES;
				SDKROOT = iphoneos;
				SWIFT_OPTIMIZATION_LEVEL = "-Onone";
			};
			name = Debug;
		};
		7E4CEE3B1A4A5E0B007C4607 /* Release */ = {
			isa = XCBuildConfiguration;
			buildSettings = {
				ALWAYS_SEARCH_USER_PATHS = NO;
				CLANG_CXX_LANGUAGE_STANDARD = "gnu++0x";
				CLANG_CXX_LIBRARY = "libc++";
				CLANG_ENABLE_MODULES = YES;
				CLANG_ENABLE_OBJC_ARC = YES;
				CLANG_WARN_BOOL_CONVERSION = YES;
				CLANG_WARN_CONSTANT_CONVERSION = YES;
				CLANG_WARN_DIRECT_OBJC_ISA_USAGE = YES_ERROR;
				CLANG_WARN_EMPTY_BODY = YES;
				CLANG_WARN_ENUM_CONVERSION = YES;
				CLANG_WARN_INT_CONVERSION = YES;
				CLANG_WARN_OBJC_ROOT_CLASS = YES_ERROR;
				CLANG_WARN_UNREACHABLE_CODE = YES;
				CLANG_WARN__DUPLICATE_METHOD_MATCH = YES;
				"CODE_SIGN_IDENTITY[sdk=iphoneos*]" = "iPhone Developer";
				COPY_PHASE_STRIP = YES;
				ENABLE_NS_ASSERTIONS = NO;
				ENABLE_STRICT_OBJC_MSGSEND = YES;
				GCC_C_LANGUAGE_STANDARD = gnu99;
				GCC_WARN_64_TO_32_BIT_CONVERSION = YES;
				GCC_WARN_ABOUT_RETURN_TYPE = YES_ERROR;
				GCC_WARN_UNDECLARED_SELECTOR = YES;
				GCC_WARN_UNINITIALIZED_AUTOS = YES_AGGRESSIVE;
				GCC_WARN_UNUSED_FUNCTION = YES;
				GCC_WARN_UNUSED_VARIABLE = YES;
				IPHONEOS_DEPLOYMENT_TARGET = 8.1;
				MTL_ENABLE_DEBUG_INFO = NO;
				SDKROOT = iphoneos;
				VALIDATE_PRODUCT = YES;
			};
			name = Release;
		};
		7E4CEE3D1A4A5E0B007C4607 /* Debug */ = {
			isa = XCBuildConfiguration;
			buildSettings = {
				ASSETCATALOG_COMPILER_APPICON_NAME = AppIcon;
				INFOPLIST_FILE = cyclotron/Info.plist;
				LD_RUNPATH_SEARCH_PATHS = "$(inherited) @executable_path/Frameworks";
				PRODUCT_NAME = "$(TARGET_NAME)";
			};
			name = Debug;
		};
		7E4CEE3E1A4A5E0B007C4607 /* Release */ = {
			isa = XCBuildConfiguration;
			buildSettings = {
				ASSETCATALOG_COMPILER_APPICON_NAME = AppIcon;
				INFOPLIST_FILE = cyclotron/Info.plist;
				LD_RUNPATH_SEARCH_PATHS = "$(inherited) @executable_path/Frameworks";
				PRODUCT_NAME = "$(TARGET_NAME)";
			};
			name = Release;
		};
		7E4CEE401A4A5E0B007C4607 /* Debug */ = {
			isa = XCBuildConfiguration;
			buildSettings = {
				BUNDLE_LOADER = "$(TEST_HOST)";
				FRAMEWORK_SEARCH_PATHS = (
					"$(SDKROOT)/Developer/Library/Frameworks",
					"$(inherited)",
				);
				GCC_PREPROCESSOR_DEFINITIONS = (
					"DEBUG=1",
					"$(inherited)",
				);
				INFOPLIST_FILE = cyclotronTests/Info.plist;
				LD_RUNPATH_SEARCH_PATHS = "$(inherited) @executable_path/Frameworks @loader_path/Frameworks";
				PRODUCT_NAME = "$(TARGET_NAME)";
				TEST_HOST = "$(BUILT_PRODUCTS_DIR)/cyclotron.app/cyclotron";
			};
			name = Debug;
		};
		7E4CEE411A4A5E0B007C4607 /* Release */ = {
			isa = XCBuildConfiguration;
			buildSettings = {
				BUNDLE_LOADER = "$(TEST_HOST)";
				FRAMEWORK_SEARCH_PATHS = (
					"$(SDKROOT)/Developer/Library/Frameworks",
					"$(inherited)",
				);
				INFOPLIST_FILE = cyclotronTests/Info.plist;
				LD_RUNPATH_SEARCH_PATHS = "$(inherited) @executable_path/Frameworks @loader_path/Frameworks";
				PRODUCT_NAME = "$(TARGET_NAME)";
				TEST_HOST = "$(BUILT_PRODUCTS_DIR)/cyclotron.app/cyclotron";
			};
			name = Release;
		};
/* End XCBuildConfiguration section */

/* Begin XCConfigurationList section */
		7E4CEE151A4A5E0B007C4607 /* Build configuration list for PBXProject "cyclotron" */ = {
			isa = XCConfigurationList;
			buildConfigurations = (
				7E4CEE3A1A4A5E0B007C4607 /* Debug */,
				7E4CEE3B1A4A5E0B007C4607 /* Release */,
			);
			defaultConfigurationIsVisible = 0;
			defaultConfigurationName = Release;
		};
		7E4CEE3C1A4A5E0B007C4607 /* Build configuration list for PBXNativeTarget "cyclotron" */ = {
			isa = XCConfigurationList;
			buildConfigurations = (
				7E4CEE3D1A4A5E0B007C4607 /* Debug */,
				7E4CEE3E1A4A5E0B007C4607 /* Release */,
			);
			defaultConfigurationIsVisible = 0;
		};
		7E4CEE3F1A4A5E0B007C4607 /* Build configuration list for PBXNativeTarget "cyclotronTests" */ = {
			isa = XCConfigurationList;
			buildConfigurations = (
				7E4CEE401A4A5E0B007C4607 /* Debug */,
				7E4CEE411A4A5E0B007C4607 /* Release */,
			);
			defaultConfigurationIsVisible = 0;
		};
/* End XCConfigurationList section */

/* Begin XCVersionGroup section */
		7E4CEE211A4A5E0B007C4607 /* cyclotron.xcdatamodeld */ = {
			isa = XCVersionGroup;
			children = (
				7E4CEE221A4A5E0B007C4607 /* cyclotron.xcdatamodel */,
			);
			currentVersion = 7E4CEE221A4A5E0B007C4607 /* cyclotron.xcdatamodel */;
			path = cyclotron.xcdatamodeld;
			sourceTree = "<group>";
			versionGroupType = wrapper.xcdatamodel;
		};
/* End XCVersionGroup section */
	};
	rootObject = 7E4CEE121A4A5E0B007C4607 /* Project object */;
}
